
Microsoft Visual Studio Solution File, Format Version 12.00
# Visual Studio 14
VisualStudioVersion = 14.0.25420.1
MinimumVisualStudioVersion = 10.0.40219.1
Project("{FAE04EC0-301F-11D3-BF4B-00C04F79EFBC}") = "ShoppingList", "ShoppingList\ShoppingList.csproj", "{0332EDD3-A0A5-4226-B5DF-004F0EF862FA}"
EndProject
Project("{FAE04EC0-301F-11D3-BF4B-00C04F79EFBC}") = "ShoppingListTesting", "ShoppingListTesting\ShoppingListTesting.csproj", "{30164C5D-2332-412D-A02C-F8F2649D124F}"
EndProject
Global
	GlobalSection(SolutionConfigurationPlatforms) = preSolution
		Debug|Any CPU = Debug|Any CPU
		Release|Any CPU = Release|Any CPU
	EndGlobalSection
	GlobalSection(ProjectConfigurationPlatforms) = postSolution
		{0332EDD3-A0A5-4226-B5DF-004F0EF862FA}.Debug|Any CPU.ActiveCfg = Debug|Any CPU
		{0332EDD3-A0A5-4226-B5DF-004F0EF862FA}.Debug|Any CPU.Build.0 = Debug|Any CPU
		{0332EDD3-A0A5-4226-B5DF-004F0EF862FA}.Release|Any CPU.ActiveCfg = Release|Any CPU
		{0332EDD3-A0A5-4226-B5DF-004F0EF862FA}.Release|Any CPU.Build.0 = Release|Any CPU
		{30164C5D-2332-412D-A02C-F8F2649D124F}.Debug|Any CPU.ActiveCfg = Debug|Any CPU
		{30164C5D-2332-412D-A02C-F8F2649D124F}.Debug|Any CPU.Build.0 = Debug|Any CPU
		{30164C5D-2332-412D-A02C-F8F2649D124F}.Release|Any CPU.ActiveCfg = Release|Any CPU
		{30164C5D-2332-412D-A02C-F8F2649D124F}.Release|Any CPU.Build.0 = Release|Any CPU
	EndGlobalSection
	GlobalSection(SolutionProperties) = preSolution
		HideSolutionNode = FALSE
	EndGlobalSection
EndGlobal
